dependencies:
- name: opentelemetry-collector
  repository: file://./charts/opentelemetry-collector
  version: 0.130.2
- name: neo4j
  repository: file://./charts/neo4j
  version: 5.26.10
- name: mongodb
  repository: file://./charts/mongodb
  version: 13.17.0
- name: loki-mcp
  repository: file://./charts/loki-mcp
  version: 1.0.0
- name: cloudwatch-mcp
  repository: file://./charts/cloudwatch-mcp
  version: 1.0.0
- name: aws-mcp
  repository: file://./charts/aws-mcp
  version: 1.0.0
- name: k8s-mcp
  repository: file://./charts/k8s-mcp
  version: 1.0.0
- name: gcp-mcp
  repository: file://./charts/gcp-mcp
  version: 1.0.0
- name: prometheus-mcp
  repository: file://./charts/prometheus-mcp
  version: 1.0.0
- name: aws-ec2-cloudwatch-alarms
  repository: file://./charts/aws-ec2-cloudwatch-alarms
  version: 1.0.0
- name: kubernetes-events-ingester
  repository: file://./charts/kubernetes-events-ingester
  version: 1.0.0
- name: slack-ingester
  repository: file://./charts/slack-ingester
  version: 1.0.0
- name: neo4j-mcp
  repository: file://./charts/neo4j-mcp
  version: 1.0.0
- name: anomaly-detection
  repository: file://./charts/anomaly-detection
  version: 1.0.0
- name: active-inventory
  repository: file://./charts/active-inventory
  version: 1.0.0
- name: incident-manager
  repository: file://./charts/incident-manager
  version: 1.0.0
- name: incident-ingester
  repository: file://./charts/incident-ingester
  version: 1.0.0
- name: rca-agent
  repository: file://./charts/rca-agent
  version: 1.0.0
- name: auto-remediation
  repository: file://./charts/auto-remediation
  version: 1.0.0
- name: hitl-manager
  repository: file://./charts/hitl-manager
  version: 1.0.0
- name: backend
  repository: file://./charts/backend
  version: 1.0.0
- name: service-graph-engine
  repository: file://./charts/service-graph-engine
  version: 1.0.0
- name: infra-agent
  repository: file://./charts/infra-agent
  version: 1.0.0
- name: avesha-unified-ui
  repository: file://./charts/avesha-unified-ui
  version: 1.0.0
- name: orchestrator
  repository: file://./charts/orchestrator
  version: 1.0.0
- name: prometheus
  repository: https://prometheus-community.github.io/helm-charts
  version: 27.41.0
- name: jaeger
  repository: https://charts.bitnami.com/bitnami
  version: 6.0.5
digest: sha256:4e3d3bedef2a2b7bde1e066b5f8b5722515bbf44653912c4b4801be88e5a10da
generated: "2025-10-16T23:45:42.604053+03:00"
