dependencies:
- name: cassandra
  repository: https://charts.helm.sh/incubator
  version: 0.15.3
- name: elasticsearch
  repository: https://helm.elastic.co
  version: 7.17.3
- name: kafka
  repository: https://charts.bitnami.com/bitnami
  version: 19.1.5
- name: common
  repository: oci://registry-1.docker.io/bitnamicharts
  version: 2.31.4
digest: sha256:f5779afeb820f1d6ff34e49cf4db729ca50b314081c8afc84d07586f35c7668c
generated: "2025-10-30T16:24:43.40281+02:00"
