dependencies:
- name: cassandra
  repository: https://charts.helm.sh/incubator
  version: 0.15.3
- name: elasticsearch
  repository: https://helm.elastic.co
  version: 7.17.3
- name: kafka
  repository: https://charts.bitnami.com/bitnami
  version: 19.1.5
- name: jaeger-common
  repository: file://./jaeger-common
  version: 1.16.0
digest: sha256:ccee07c2b10ee7fa443c077d32bde8e93748335628fd1f942763929053cdf6c6
generated: "2026-02-17T16:52:23.431263+02:00"
